
Microsoft Visual Studio Solution File, Format Version 12.00
# Visual Studio 15
VisualStudioVersion = 15.0.28307.572
MinimumVisualStudioVersion = 10.0.40219.1
Project("{FAE04EC0-301F-11D3-BF4B-00C04F79EFBC}") = "pipelines-dotnet-core-web-api", "pipelines-dotnet-core-web-api\pipelines-dotnet-core-web-api.csproj", "{72BC285B-357C-429B-979C-8635C5B12FE3}"
EndProject
Project("{FAE04EC0-301F-11D3-BF4B-00C04F79EFBC}") = "pipelines-dotnet-core-test", "pipelines-dotnet-core-test\pipelines-dotnet-core-test.csproj", "{C98C9F96-B324-4959-A7DC-13B2C2B6D0B6}"
EndProject
Global
	GlobalSection(SolutionConfigurationPlatforms) = preSolution
		Debug|Any CPU = Debug|Any CPU
		Release|Any CPU = Release|Any CPU
	EndGlobalSection
	GlobalSection(ProjectConfigurationPlatforms) = postSolution
		{ED1F17F2-CF4C-4D19-B3B8-90D4152DB61D}.Debug|Any CPU.ActiveCfg = Debug|Any CPU
		{ED1F17F2-CF4C-4D19-B3B8-90D4152DB61D}.Debug|Any CPU.Build.0 = Debug|Any CPU
		{ED1F17F2-CF4C-4D19-B3B8-90D4152DB61D}.Release|Any CPU.ActiveCfg = Release|Any CPU
		{ED1F17F2-CF4C-4D19-B3B8-90D4152DB61D}.Release|Any CPU.Build.0 = Release|Any CPU
		{72BC285B-357C-429B-979C-8635C5B12FE3}.Debug|Any CPU.ActiveCfg = Debug|Any CPU
		{72BC285B-357C-429B-979C-8635C5B12FE3}.Debug|Any CPU.Build.0 = Debug|Any CPU
		{72BC285B-357C-429B-979C-8635C5B12FE3}.Release|Any CPU.ActiveCfg = Release|Any CPU
		{72BC285B-357C-429B-979C-8635C5B12FE3}.Release|Any CPU.Build.0 = Release|Any CPU
		{C98C9F96-B324-4959-A7DC-13B2C2B6D0B6}.Debug|Any CPU.ActiveCfg = Debug|Any CPU
		{C98C9F96-B324-4959-A7DC-13B2C2B6D0B6}.Debug|Any CPU.Build.0 = Debug|Any CPU
		{C98C9F96-B324-4959-A7DC-13B2C2B6D0B6}.Release|Any CPU.ActiveCfg = Release|Any CPU
		{C98C9F96-B324-4959-A7DC-13B2C2B6D0B6}.Release|Any CPU.Build.0 = Release|Any CPU
	EndGlobalSection
	GlobalSection(SolutionProperties) = preSolution
		HideSolutionNode = FALSE
	EndGlobalSection
	GlobalSection(ExtensibilityGlobals) = postSolution
		SolutionGuid = {B1D88843-8752-4225-8695-268408D97ECB}
	EndGlobalSection
EndGlobal
