
Microsoft Visual Studio Solution File, Format Version 12.00
# Visual Studio 15
Project("{FAE04EC0-301F-11D3-BF4B-00C04F79EFBC}") = "pipelines-dotnet-core", "pipelines-dotnet-core\pipelines-dotnet-core.csproj", "{1724CF7E-89EA-4B5B-AFF4-8116772CB832}"
EndProject
Global
	GlobalSection(SolutionConfigurationPlatforms) = preSolution
		Debug|Any CPU = Debug|Any CPU
		Release|Any CPU = Release|Any CPU
	EndGlobalSection
	GlobalSection(ProjectConfigurationPlatforms) = postSolution
		{1724CF7E-89EA-4B5B-AFF4-8116772CB832}.Debug|Any CPU.ActiveCfg = Debug|Any CPU
		{1724CF7E-89EA-4B5B-AFF4-8116772CB832}.Debug|Any CPU.Build.0 = Debug|Any CPU
		{1724CF7E-89EA-4B5B-AFF4-8116772CB832}.Release|Any CPU.ActiveCfg = Release|Any CPU
		{1724CF7E-89EA-4B5B-AFF4-8116772CB832}.Release|Any CPU.Build.0 = Release|Any CPU
	EndGlobalSection
EndGlobal
