
Microsoft Visual Studio Solution File, Format Version 12.00
# Visual Studio Version 16
VisualStudioVersion = 16.0.29806.167
MinimumVisualStudioVersion = 10.0.40219.1
Project("{9A19103F-16F7-4668-BE54-9A1E7A4F7556}") = "pipelines-dotnet-core", "pipelines-dotnet-core.csproj", "{3DF4535A-8D1C-4746-9778-6ACCB122AE9A}"
EndProject
Global
	GlobalSection(SolutionConfigurationPlatforms) = preSolution
		Debug|Any CPU = Debug|Any CPU
		Release|Any CPU = Release|Any CPU
	EndGlobalSection
	GlobalSection(ProjectConfigurationPlatforms) = postSolution
		{3DF4535A-8D1C-4746-9778-6ACCB122AE9A}.Debug|Any CPU.ActiveCfg = Debug|Any CPU
		{3DF4535A-8D1C-4746-9778-6ACCB122AE9A}.Debug|Any CPU.Build.0 = Debug|Any CPU
		{3DF4535A-8D1C-4746-9778-6ACCB122AE9A}.Release|Any CPU.ActiveCfg = Release|Any CPU
		{3DF4535A-8D1C-4746-9778-6ACCB122AE9A}.Release|Any CPU.Build.0 = Release|Any CPU
	EndGlobalSection
	GlobalSection(SolutionProperties) = preSolution
		HideSolutionNode = FALSE
	EndGlobalSection
	GlobalSection(ExtensibilityGlobals) = postSolution
		SolutionGuid = {949A8550-1027-4042-BB8A-6B57E485C2A6}
	EndGlobalSection
EndGlobal
